
Microsoft Visual Studio Solution File, Format Version 12.00
# Visual Studio Version 17
VisualStudioVersion = 17.5.002.0
MinimumVisualStudioVersion = 10.0.40219.1
Project("{9A19103F-16F7-4668-BE54-9A1E7A4F7556}") = "InterviewQuestions", "InterviewQuestions.csproj", "{BC545297-88B2-4858-A7D8-1E70A5EF3340}"
EndProject
Global
	GlobalSection(SolutionConfigurationPlatforms) = preSolution
		Debug|Any CPU = Debug|Any CPU
		Release|Any CPU = Release|Any CPU
	EndGlobalSection
	GlobalSection(ProjectConfigurationPlatforms) = postSolution
		{BC545297-88B2-4858-A7D8-1E70A5EF3340}.Debug|Any CPU.ActiveCfg = Debug|Any CPU
		{BC545297-88B2-4858-A7D8-1E70A5EF3340}.Debug|Any CPU.Build.0 = Debug|Any CPU
		{BC545297-88B2-4858-A7D8-1E70A5EF3340}.Release|Any CPU.ActiveCfg = Release|Any CPU
		{BC545297-88B2-4858-A7D8-1E70A5EF3340}.Release|Any CPU.Build.0 = Release|Any CPU
	EndGlobalSection
	GlobalSection(SolutionProperties) = preSolution
		HideSolutionNode = FALSE
	EndGlobalSection
	GlobalSection(ExtensibilityGlobals) = postSolution
		SolutionGuid = {949E486C-8073-4B09-998B-3A30E11B5F9D}
	EndGlobalSection
EndGlobal
